
Microsoft Visual Studio Solution File, Format Version 11.00
# Visual Studio 2010
Project("{FAE04EC0-301F-11D3-BF4B-00C04F79EFBC}") = "TimeRelativity", "TimeRelativity\TimeRelativity.csproj", "{0C5FA4D4-AC34-442B-8F00-B6FE2CEED544}"
EndProject
Project("{FAE04EC0-301F-11D3-BF4B-00C04F79EFBC}") = "TimeTestConsole", "TimeTestConsole\TimeTestConsole.csproj", "{4F1B97B2-7ACD-4C87-B1DA-873C7BC56803}"
EndProject
Project("{FAE04EC0-301F-11D3-BF4B-00C04F79EFBC}") = "TimeTestDodger", "TimeTestDodger\TimeTestDodger.csproj", "{B847D0D7-9393-492F-876E-35573404F66F}"
EndProject
Global
	GlobalSection(SolutionConfigurationPlatforms) = preSolution
		Debug|Any CPU = Debug|Any CPU
		Debug|Mixed Platforms = Debug|Mixed Platforms
		Debug|x86 = Debug|x86
		Release|Any CPU = Release|Any CPU
		Release|Mixed Platforms = Release|Mixed Platforms
		Release|x86 = Release|x86
	EndGlobalSection
	GlobalSection(ProjectConfigurationPlatforms) = postSolution
		{0C5FA4D4-AC34-442B-8F00-B6FE2CEED544}.Debug|Any CPU.ActiveCfg = Debug|Any CPU
		{0C5FA4D4-AC34-442B-8F00-B6FE2CEED544}.Debug|Any CPU.Build.0 = Debug|Any CPU
		{0C5FA4D4-AC34-442B-8F00-B6FE2CEED544}.Debug|Mixed Platforms.ActiveCfg = Debug|Any CPU
		{0C5FA4D4-AC34-442B-8F00-B6FE2CEED544}.Debug|Mixed Platforms.Build.0 = Debug|Any CPU
		{0C5FA4D4-AC34-442B-8F00-B6FE2CEED544}.Debug|x86.ActiveCfg = Debug|Any CPU
		{0C5FA4D4-AC34-442B-8F00-B6FE2CEED544}.Release|Any CPU.ActiveCfg = Release|Any CPU
		{0C5FA4D4-AC34-442B-8F00-B6FE2CEED544}.Release|Any CPU.Build.0 = Release|Any CPU
		{0C5FA4D4-AC34-442B-8F00-B6FE2CEED544}.Release|Mixed Platforms.ActiveCfg = Release|Any CPU
		{0C5FA4D4-AC34-442B-8F00-B6FE2CEED544}.Release|Mixed Platforms.Build.0 = Release|Any CPU
		{0C5FA4D4-AC34-442B-8F00-B6FE2CEED544}.Release|x86.ActiveCfg = Release|Any CPU
		{4F1B97B2-7ACD-4C87-B1DA-873C7BC56803}.Debug|Any CPU.ActiveCfg = Debug|x86
		{4F1B97B2-7ACD-4C87-B1DA-873C7BC56803}.Debug|Mixed Platforms.ActiveCfg = Debug|x86
		{4F1B97B2-7ACD-4C87-B1DA-873C7BC56803}.Debug|Mixed Platforms.Build.0 = Debug|x86
		{4F1B97B2-7ACD-4C87-B1DA-873C7BC56803}.Debug|x86.ActiveCfg = Debug|x86
		{4F1B97B2-7ACD-4C87-B1DA-873C7BC56803}.Debug|x86.Build.0 = Debug|x86
		{4F1B97B2-7ACD-4C87-B1DA-873C7BC56803}.Release|Any CPU.ActiveCfg = Release|x86
		{4F1B97B2-7ACD-4C87-B1DA-873C7BC56803}.Release|Mixed Platforms.ActiveCfg = Release|x86
		{4F1B97B2-7ACD-4C87-B1DA-873C7BC56803}.Release|Mixed Platforms.Build.0 = Release|x86
		{4F1B97B2-7ACD-4C87-B1DA-873C7BC56803}.Release|x86.ActiveCfg = Release|x86
		{4F1B97B2-7ACD-4C87-B1DA-873C7BC56803}.Release|x86.Build.0 = Release|x86
		{B847D0D7-9393-492F-876E-35573404F66F}.Debug|Any CPU.ActiveCfg = Debug|x86
		{B847D0D7-9393-492F-876E-35573404F66F}.Debug|Mixed Platforms.ActiveCfg = Debug|x86
		{B847D0D7-9393-492F-876E-35573404F66F}.Debug|Mixed Platforms.Build.0 = Debug|x86
		{B847D0D7-9393-492F-876E-35573404F66F}.Debug|x86.ActiveCfg = Debug|x86
		{B847D0D7-9393-492F-876E-35573404F66F}.Debug|x86.Build.0 = Debug|x86
		{B847D0D7-9393-492F-876E-35573404F66F}.Release|Any CPU.ActiveCfg = Release|x86
		{B847D0D7-9393-492F-876E-35573404F66F}.Release|Mixed Platforms.ActiveCfg = Release|x86
		{B847D0D7-9393-492F-876E-35573404F66F}.Release|Mixed Platforms.Build.0 = Release|x86
		{B847D0D7-9393-492F-876E-35573404F66F}.Release|x86.ActiveCfg = Release|x86
		{B847D0D7-9393-492F-876E-35573404F66F}.Release|x86.Build.0 = Release|x86
	EndGlobalSection
	GlobalSection(SolutionProperties) = preSolution
		HideSolutionNode = FALSE
	EndGlobalSection
EndGlobal
